
Microsoft Visual Studio Solution File, Format Version 12.00
# Visual Studio Version 16
VisualStudioVersion = 16.0.29418.71
MinimumVisualStudioVersion = 10.0.40219.1
Project("{FAE04EC0-301F-11D3-BF4B-00C04F79EFBC}") = "HtScript", "HtScript\HtScript.csproj", "{AE38282F-30CA-4BAA-BB04-45343568D8B3}"
EndProject
Global
	GlobalSection(SolutionConfigurationPlatforms) = preSolution
		Debug|Any CPU = Debug|Any CPU
		Release|Any CPU = Release|Any CPU
	EndGlobalSection
	GlobalSection(ProjectConfigurationPlatforms) = postSolution
		{AE38282F-30CA-4BAA-BB04-45343568D8B3}.Debug|Any CPU.ActiveCfg = Debug|Any CPU
		{AE38282F-30CA-4BAA-BB04-45343568D8B3}.Debug|Any CPU.Build.0 = Debug|Any CPU
		{AE38282F-30CA-4BAA-BB04-45343568D8B3}.Release|Any CPU.ActiveCfg = Release|Any CPU
		{AE38282F-30CA-4BAA-BB04-45343568D8B3}.Release|Any CPU.Build.0 = Release|Any CPU
	EndGlobalSection
	GlobalSection(SolutionProperties) = preSolution
		HideSolutionNode = FALSE
	EndGlobalSection
	GlobalSection(ExtensibilityGlobals) = postSolution
		SolutionGuid = {76EC935B-26B6-49C9-ADDF-292E9938DADB}
	EndGlobalSection
EndGlobal
